
Microsoft Visual Studio Solution File, Format Version 12.00
# Visual Studio Version 17
VisualStudioVersion = 17.9.34728.123
MinimumVisualStudioVersion = 10.0.40219.1
Project("{FAE04EC0-301F-11D3-BF4B-00C04F79EFBC}") = "PictureConcatenater", "PictureConcatenater.csproj", "{901B4865-C8F5-4BD7-867D-33C241E17797}"
EndProject
Global
	GlobalSection(SolutionConfigurationPlatforms) = preSolution
		Debug|Any CPU = Debug|Any CPU
		Release|Any CPU = Release|Any CPU
	EndGlobalSection
	GlobalSection(ProjectConfigurationPlatforms) = postSolution
		{901B4865-C8F5-4BD7-867D-33C241E17797}.Debug|Any CPU.ActiveCfg = Debug|Any CPU
		{901B4865-C8F5-4BD7-867D-33C241E17797}.Debug|Any CPU.Build.0 = Debug|Any CPU
		{901B4865-C8F5-4BD7-867D-33C241E17797}.Release|Any CPU.ActiveCfg = Release|Any CPU
		{901B4865-C8F5-4BD7-867D-33C241E17797}.Release|Any CPU.Build.0 = Release|Any CPU
	EndGlobalSection
	GlobalSection(SolutionProperties) = preSolution
		HideSolutionNode = FALSE
	EndGlobalSection
	GlobalSection(ExtensibilityGlobals) = postSolution
		SolutionGuid = {FC89B28E-6FA9-4923-92B4-A6C708B89796}
	EndGlobalSection
EndGlobal
